
Microsoft Visual Studio Solution File, Format Version 10.00
# Visual Studio 2008
Project("{FAE04EC0-301F-11D3-BF4B-00C04F79EFBC}") = "Sentinel-Mobile", "Sentinel-Mobile\Sentinel-Mobile.csproj", "{1B04BF25-EAA2-46C8-B6ED-1680BEEAE51C}"
EndProject
Project("{4F174C21-8C12-11D0-8340-0000F80270F8}") = "Sentinel-MobileDB", "Sentinel-MobileDB\Sentinel-MobileDB.dbp", "{9EA5A1D1-22B0-42DD-AB8F-936E1B2CC9B4}"
EndProject
Global
	GlobalSection(SolutionConfigurationPlatforms) = preSolution
		Debug|Any CPU = Debug|Any CPU
		Development|Any CPU = Development|Any CPU
		Release|Any CPU = Release|Any CPU
	EndGlobalSection
	GlobalSection(ProjectConfigurationPlatforms) = postSolution
		{1B04BF25-EAA2-46C8-B6ED-1680BEEAE51C}.Debug|Any CPU.ActiveCfg = Debug|Any CPU
		{1B04BF25-EAA2-46C8-B6ED-1680BEEAE51C}.Debug|Any CPU.Build.0 = Debug|Any CPU
		{1B04BF25-EAA2-46C8-B6ED-1680BEEAE51C}.Debug|Any CPU.Deploy.0 = Debug|Any CPU
		{1B04BF25-EAA2-46C8-B6ED-1680BEEAE51C}.Development|Any CPU.ActiveCfg = Debug|Any CPU
		{1B04BF25-EAA2-46C8-B6ED-1680BEEAE51C}.Development|Any CPU.Build.0 = Debug|Any CPU
		{1B04BF25-EAA2-46C8-B6ED-1680BEEAE51C}.Development|Any CPU.Deploy.0 = Debug|Any CPU
		{1B04BF25-EAA2-46C8-B6ED-1680BEEAE51C}.Release|Any CPU.ActiveCfg = Release|Any CPU
		{1B04BF25-EAA2-46C8-B6ED-1680BEEAE51C}.Release|Any CPU.Build.0 = Release|Any CPU
		{1B04BF25-EAA2-46C8-B6ED-1680BEEAE51C}.Release|Any CPU.Deploy.0 = Release|Any CPU
	EndGlobalSection
	GlobalSection(SolutionProperties) = preSolution
		HideSolutionNode = FALSE
	EndGlobalSection
EndGlobal
